PODS:
  - IngenicoConnectSDK (5.3.0)
  - SVProgressHUD (2.2.5)

DEPENDENCIES:
  - IngenicoConnectSDK
  - SVProgressHUD

SPEC REPOS:
  trunk:
    - IngenicoConnectSDK
    - SVProgressHUD

SPEC CHECKSUMS:
  IngenicoConnectSDK: af4934f6c8aed95a487956eb4ec00d212a1d3674
  SVProgressHUD: 1428aafac632c1f86f62aa4243ec12008d7a51d6

PODFILE CHECKSUM: d949810be004b09261a9974b27e10d16683128dd

COCOAPODS: 1.10.1
