PODS:
  - IngenicoConnectSDK (5.16.0)
  - SVProgressHUD (2.2.5)

DEPENDENCIES:
  - IngenicoConnectSDK
  - SVProgressHUD

SPEC REPOS:
  trunk:
    - IngenicoConnectSDK
    - SVProgressHUD

SPEC CHECKSUMS:
  IngenicoConnectSDK: 04ef177ab0beceba6614ef312936dade93220aeb
  SVProgressHUD: 1428aafac632c1f86f62aa4243ec12008d7a51d6

PODFILE CHECKSUM: e75c13497e5e2a4ed6a3ec1478ff1edcbc0636b4

COCOAPODS: 1.11.3
